
Microsoft Visual Studio Solution File, Format Version 12.00
# Visual Studio 15
VisualStudioVersion = 15.0.28307.421
MinimumVisualStudioVersion = 10.0.40219.1
Project("{FAE04EC0-301F-11D3-BF4B-00C04F79EFBC}") = "Codexcite.Reloader.Monitor", "Codexcite.Reloader.Monitor\Codexcite.Reloader.Monitor.csproj", "{2298CB3C-2ADD-4B2A-8646-7A895E156BC7}"
EndProject
Global
	GlobalSection(SolutionConfigurationPlatforms) = preSolution
		Debug|Any CPU = Debug|Any CPU
		Release|Any CPU = Release|Any CPU
	EndGlobalSection
	GlobalSection(ProjectConfigurationPlatforms) = postSolution
		{2298CB3C-2ADD-4B2A-8646-7A895E156BC7}.Debug|Any CPU.ActiveCfg = Debug|Any CPU
		{2298CB3C-2ADD-4B2A-8646-7A895E156BC7}.Debug|Any CPU.Build.0 = Debug|Any CPU
		{2298CB3C-2ADD-4B2A-8646-7A895E156BC7}.Release|Any CPU.ActiveCfg = Release|Any CPU
		{2298CB3C-2ADD-4B2A-8646-7A895E156BC7}.Release|Any CPU.Build.0 = Release|Any CPU
	EndGlobalSection
	GlobalSection(SolutionProperties) = preSolution
		HideSolutionNode = FALSE
	EndGlobalSection
	GlobalSection(ExtensibilityGlobals) = postSolution
		SolutionGuid = {332F03C9-A43B-4B31-8579-F5586C449D79}
	EndGlobalSection
EndGlobal
